
Microsoft Visual Studio Solution File, Format Version 12.00
# Visual Studio 14
VisualStudioVersion = 14.0.25420.1
MinimumVisualStudioVersion = 10.0.40219.1
Project("{FAE04EC0-301F-11D3-BF4B-00C04F79EFBC}") = "LunarLander2", "LunarLander2\LunarLander2.csproj", "{CCCB456E-0F89-449A-A03D-B5A89E8507A7}"
EndProject
Project("{2150E333-8FDC-42A3-9474-1A3956D46DE8}") = "Solution Items", "Solution Items", "{4C46C93C-8769-41C1-A56A-77B7D7CC3AF4}"
	ProjectSection(SolutionItems) = preProject
		DLLs\GameLibrary.dll = DLLs\GameLibrary.dll
	EndProjectSection
EndProject
Project("{FAE04EC0-301F-11D3-BF4B-00C04F79EFBC}") = "GameLibrary", "GameLibrary\GameLibrary.csproj", "{695A5ADA-72FF-4C2F-96D1-60FCEE143E33}"
EndProject
Global
	GlobalSection(SolutionConfigurationPlatforms) = preSolution
		Debug|Any CPU = Debug|Any CPU
		Debug|x86 = Debug|x86
		Release|Any CPU = Release|Any CPU
		Release|x86 = Release|x86
	EndGlobalSection
	GlobalSection(ProjectConfigurationPlatforms) = postSolution
		{CCCB456E-0F89-449A-A03D-B5A89E8507A7}.Debug|Any CPU.ActiveCfg = Debug|x86
		{CCCB456E-0F89-449A-A03D-B5A89E8507A7}.Debug|x86.ActiveCfg = Debug|x86
		{CCCB456E-0F89-449A-A03D-B5A89E8507A7}.Debug|x86.Build.0 = Debug|x86
		{CCCB456E-0F89-449A-A03D-B5A89E8507A7}.Release|Any CPU.ActiveCfg = Release|x86
		{CCCB456E-0F89-449A-A03D-B5A89E8507A7}.Release|x86.ActiveCfg = Release|x86
		{CCCB456E-0F89-449A-A03D-B5A89E8507A7}.Release|x86.Build.0 = Release|x86
		{695A5ADA-72FF-4C2F-96D1-60FCEE143E33}.Debug|Any CPU.ActiveCfg = Debug|Any CPU
		{695A5ADA-72FF-4C2F-96D1-60FCEE143E33}.Debug|Any CPU.Build.0 = Debug|Any CPU
		{695A5ADA-72FF-4C2F-96D1-60FCEE143E33}.Debug|x86.ActiveCfg = Debug|Any CPU
		{695A5ADA-72FF-4C2F-96D1-60FCEE143E33}.Debug|x86.Build.0 = Debug|Any CPU
		{695A5ADA-72FF-4C2F-96D1-60FCEE143E33}.Release|Any CPU.ActiveCfg = Release|Any CPU
		{695A5ADA-72FF-4C2F-96D1-60FCEE143E33}.Release|Any CPU.Build.0 = Release|Any CPU
		{695A5ADA-72FF-4C2F-96D1-60FCEE143E33}.Release|x86.ActiveCfg = Release|Any CPU
		{695A5ADA-72FF-4C2F-96D1-60FCEE143E33}.Release|x86.Build.0 = Release|Any CPU
	EndGlobalSection
	GlobalSection(SolutionProperties) = preSolution
		HideSolutionNode = FALSE
	EndGlobalSection
	GlobalSection(NestedProjects) = preSolution
		{695A5ADA-72FF-4C2F-96D1-60FCEE143E33} = {4C46C93C-8769-41C1-A56A-77B7D7CC3AF4}
	EndGlobalSection
EndGlobal
